
Microsoft Visual Studio Solution File, Format Version 12.00
# Visual Studio Version 17
VisualStudioVersion = 17.11.35222.181
MinimumVisualStudioVersion = 10.0.40219.1
Project("{FAE04EC0-301F-11D3-BF4B-00C04F79EFBC}") = "UI", "Sql Lab 3\UI.csproj", "{2563A246-76C2-4F67-BF2B-5813EBA87E68}"
EndProject
Project("{FAE04EC0-301F-11D3-BF4B-00C04F79EFBC}") = "Core", "Core\Core.csproj", "{336B2B54-83BE-4B6F-8B3D-6C2E733030F1}"
EndProject
Project("{FAE04EC0-301F-11D3-BF4B-00C04F79EFBC}") = "DataAccess", "DataAccess\DataAccess.csproj", "{C69B0E38-0EC1-455C-ABDB-350BC0C6C75F}"
EndProject
Global
	GlobalSection(SolutionConfigurationPlatforms) = preSolution
		Debug|Any CPU = Debug|Any CPU
		Release|Any CPU = Release|Any CPU
	EndGlobalSection
	GlobalSection(ProjectConfigurationPlatforms) = postSolution
		{2563A246-76C2-4F67-BF2B-5813EBA87E68}.Debug|Any CPU.ActiveCfg = Debug|Any CPU
		{2563A246-76C2-4F67-BF2B-5813EBA87E68}.Debug|Any CPU.Build.0 = Debug|Any CPU
		{2563A246-76C2-4F67-BF2B-5813EBA87E68}.Release|Any CPU.ActiveCfg = Release|Any CPU
		{2563A246-76C2-4F67-BF2B-5813EBA87E68}.Release|Any CPU.Build.0 = Release|Any CPU
		{336B2B54-83BE-4B6F-8B3D-6C2E733030F1}.Debug|Any CPU.ActiveCfg = Debug|Any CPU
		{336B2B54-83BE-4B6F-8B3D-6C2E733030F1}.Debug|Any CPU.Build.0 = Debug|Any CPU
		{336B2B54-83BE-4B6F-8B3D-6C2E733030F1}.Release|Any CPU.ActiveCfg = Release|Any CPU
		{336B2B54-83BE-4B6F-8B3D-6C2E733030F1}.Release|Any CPU.Build.0 = Release|Any CPU
		{C69B0E38-0EC1-455C-ABDB-350BC0C6C75F}.Debug|Any CPU.ActiveCfg = Debug|Any CPU
		{C69B0E38-0EC1-455C-ABDB-350BC0C6C75F}.Debug|Any CPU.Build.0 = Debug|Any CPU
		{C69B0E38-0EC1-455C-ABDB-350BC0C6C75F}.Release|Any CPU.ActiveCfg = Release|Any CPU
		{C69B0E38-0EC1-455C-ABDB-350BC0C6C75F}.Release|Any CPU.Build.0 = Release|Any CPU
	EndGlobalSection
	GlobalSection(SolutionProperties) = preSolution
		HideSolutionNode = FALSE
	EndGlobalSection
	GlobalSection(ExtensibilityGlobals) = postSolution
		SolutionGuid = {623C5602-675A-4592-97F3-F141B1F4F4D2}
	EndGlobalSection
EndGlobal
